
Microsoft Visual Studio Solution File, Format Version 12.00
# Visual Studio Version 17
VisualStudioVersion = 17.4.33213.308
MinimumVisualStudioVersion = 10.0.40219.1
Project("{FAE04EC0-301F-11D3-BF4B-00C04F79EFBC}") = "sklepkasa", "sklepkasa\sklepkasa.csproj", "{5756F848-5C29-4376-A61B-EC4173AD0F7A}"
EndProject
Global
	GlobalSection(SolutionConfigurationPlatforms) = preSolution
		Debug|Any CPU = Debug|Any CPU
		Release|Any CPU = Release|Any CPU
	EndGlobalSection
	GlobalSection(ProjectConfigurationPlatforms) = postSolution
		{5756F848-5C29-4376-A61B-EC4173AD0F7A}.Debug|Any CPU.ActiveCfg = Debug|Any CPU
		{5756F848-5C29-4376-A61B-EC4173AD0F7A}.Debug|Any CPU.Build.0 = Debug|Any CPU
		{5756F848-5C29-4376-A61B-EC4173AD0F7A}.Release|Any CPU.ActiveCfg = Release|Any CPU
		{5756F848-5C29-4376-A61B-EC4173AD0F7A}.Release|Any CPU.Build.0 = Release|Any CPU
	EndGlobalSection
	GlobalSection(SolutionProperties) = preSolution
		HideSolutionNode = FALSE
	EndGlobalSection
	GlobalSection(ExtensibilityGlobals) = postSolution
		SolutionGuid = {60E21A6B-20D6-4556-A204-7D20FC89EAA0}
	EndGlobalSection
EndGlobal
